
Microsoft Visual Studio Solution File, Format Version 12.00
# Visual Studio Version 17
VisualStudioVersion = 17.10.35013.160
MinimumVisualStudioVersion = 10.0.40219.1
Project("{FAE04EC0-301F-11D3-BF4B-00C04F79EFBC}") = "PW_11", "PW_11.csproj", "{6DEFA26C-FF7D-413C-AE96-5D6A64BC4979}"
EndProject
Global
	GlobalSection(SolutionConfigurationPlatforms) = preSolution
		Debug|Any CPU = Debug|Any CPU
		Release|Any CPU = Release|Any CPU
	EndGlobalSection
	GlobalSection(ProjectConfigurationPlatforms) = postSolution
		{6DEFA26C-FF7D-413C-AE96-5D6A64BC4979}.Debug|Any CPU.ActiveCfg = Debug|Any CPU
		{6DEFA26C-FF7D-413C-AE96-5D6A64BC4979}.Debug|Any CPU.Build.0 = Debug|Any CPU
		{6DEFA26C-FF7D-413C-AE96-5D6A64BC4979}.Release|Any CPU.ActiveCfg = Release|Any CPU
		{6DEFA26C-FF7D-413C-AE96-5D6A64BC4979}.Release|Any CPU.Build.0 = Release|Any CPU
	EndGlobalSection
	GlobalSection(SolutionProperties) = preSolution
		HideSolutionNode = FALSE
	EndGlobalSection
	GlobalSection(ExtensibilityGlobals) = postSolution
		SolutionGuid = {72CD1359-BE5D-455E-B739-8E181F2CB7CE}
	EndGlobalSection
EndGlobal
