
Microsoft Visual Studio Solution File, Format Version 12.00
# Visual Studio Version 17
VisualStudioVersion = 17.10.35013.160
MinimumVisualStudioVersion = 10.0.40219.1
Project("{FAE04EC0-301F-11D3-BF4B-00C04F79EFBC}") = "PW_06", "PW_06.csproj", "{693246EA-203A-420B-BD57-71C97F5939D0}"
EndProject
Global
	GlobalSection(SolutionConfigurationPlatforms) = preSolution
		Debug|Any CPU = Debug|Any CPU
		Release|Any CPU = Release|Any CPU
	EndGlobalSection
	GlobalSection(ProjectConfigurationPlatforms) = postSolution
		{693246EA-203A-420B-BD57-71C97F5939D0}.Debug|Any CPU.ActiveCfg = Debug|Any CPU
		{693246EA-203A-420B-BD57-71C97F5939D0}.Debug|Any CPU.Build.0 = Debug|Any CPU
		{693246EA-203A-420B-BD57-71C97F5939D0}.Release|Any CPU.ActiveCfg = Release|Any CPU
		{693246EA-203A-420B-BD57-71C97F5939D0}.Release|Any CPU.Build.0 = Release|Any CPU
	EndGlobalSection
	GlobalSection(SolutionProperties) = preSolution
		HideSolutionNode = FALSE
	EndGlobalSection
	GlobalSection(ExtensibilityGlobals) = postSolution
		SolutionGuid = {4F337DD6-2215-4A11-826E-9A0EDD3752D2}
	EndGlobalSection
EndGlobal
